// !$*UTF8*$!
{
	archiveVersion = 1;
	classes = {
	};
	objectVersion = 51;
	objects = {

/* Begin PBXBuildFile section */
		7E1926F9A1C3F7D161344B0D /* Pods_AWSMobileClientMFA.framework in Frameworks */ = {isa = PBXBuildFile; fileRef = E6483C6FEDB1C4BD5CEAE0EE /* Pods_AWSMobileClientMFA.framework */; };
		D81EC6B223759A52009455F4 /* AppDelegate.swift in Sources */ = {isa = PBXBuildFile; fileRef = D81EC6B123759A52009455F4 /* AppDelegate.swift */; };
		D81EC6B423759A52009455F4 /* SceneDelegate.swift in Sources */ = {isa = PBXBuildFile; fileRef = D81EC6B323759A52009455F4 /* SceneDelegate.swift */; };
		D81EC6B623759A52009455F4 /* MainViewController.swift in Sources */ = {isa = PBXBuildFile; fileRef = D81EC6B523759A52009455F4 /* MainViewController.swift */; };
		D81EC6B923759A52009455F4 /* Main.storyboard in Resources */ = {isa = PBXBuildFile; fileRef = D81EC6B723759A52009455F4 /* Main.storyboard */; };
		D81EC6BB23759A54009455F4 /* Assets.xcassets in Resources */ = {isa = PBXBuildFile; fileRef = D81EC6BA23759A54009455F4 /* Assets.xcassets */; };
		D81EC6BE23759A54009455F4 /* LaunchScreen.storyboard in Resources */ = {isa = PBXBuildFile; fileRef = D81EC6BC23759A54009455F4 /* LaunchScreen.storyboard */; };
		D87C0472237622E90000CBE7 /* MFAModal.storyboard in Resources */ = {isa = PBXBuildFile; fileRef = D87C0470237622E90000CBE7 /* MFAModal.storyboard */; };
		D87C0473237622E90000CBE7 /* MFAModalViewController.swift in Sources */ = {isa = PBXBuildFile; fileRef = D87C0471237622E90000CBE7 /* MFAModalViewController.swift */; };
		D8D922B52375A2B000965045 /* awsconfiguration.json in Resources */ = {isa = PBXBuildFile; fileRef = D8D922B42375A2B000965045 /* awsconfiguration.json */; };
		D8D922B92375B75E00965045 /* Login.storyboard in Resources */ = {isa = PBXBuildFile; fileRef = D8D922B82375B75E00965045 /* Login.storyboard */; };
		D8D922BB2375B7B000965045 /* LoginViewController.swift in Sources */ = {isa = PBXBuildFile; fileRef = D8D922BA2375B7B000965045 /* LoginViewController.swift */; };
/* End PBXBuildFile section */

/* Begin PBXFileReference section */
		25AA931D9D64B8F0FD1215CF /* Pods-AWSMobileClientMFA.release.xcconfig */ = {isa = PBXFileReference; includeInIndex = 1; lastKnownFileType = text.xcconfig; name = "Pods-AWSMobileClientMFA.release.xcconfig"; path = "Target Support Files/Pods-AWSMobileClientMFA/Pods-AWSMobileClientMFA.release.xcconfig"; sourceTree = "<group>"; };
		D81EC6AE23759A52009455F4 /* AWSMobileClientMFA.app */ = {isa = PBXFileReference; explicitFileType = wrapper.application; includeInIndex = 0; path = AWSMobileClientMFA.app; sourceTree = BUILT_PRODUCTS_DIR; };
		D81EC6B123759A52009455F4 /* AppDelegate.swift */ = {isa = PBXFileReference; lastKnownFileType = sourcecode.swift; path = AppDelegate.swift; sourceTree = "<group>"; };
		D81EC6B323759A52009455F4 /* SceneDelegate.swift */ = {isa = PBXFileReference; lastKnownFileType = sourcecode.swift; path = SceneDelegate.swift; sourceTree = "<group>"; };
		D81EC6B523759A52009455F4 /* MainViewController.swift */ = {isa = PBXFileReference; lastKnownFileType = sourcecode.swift; path = MainViewController.swift; sourceTree = "<group>"; };
		D81EC6B823759A52009455F4 /* Base */ = {isa = PBXFileReference; lastKnownFileType = file.storyboard; name = Base; path = Base.lproj/Main.storyboard; sourceTree = "<group>"; };
		D81EC6BA23759A54009455F4 /* Assets.xcassets */ = {isa = PBXFileReference; lastKnownFileType = folder.assetcatalog; path = Assets.xcassets; sourceTree = "<group>"; };
		D81EC6BD23759A54009455F4 /* Base */ = {isa = PBXFileReference; lastKnownFileType = file.storyboard; name = Base; path = Base.lproj/LaunchScreen.storyboard; sourceTree = "<group>"; };
		D81EC6BF23759A54009455F4 /* Info.plist */ = {isa = PBXFileReference; lastKnownFileType = text.plist.xml; path = Info.plist; sourceTree = "<group>"; };
		D87C0470237622E90000CBE7 /* MFAModal.storyboard */ = {isa = PBXFileReference; fileEncoding = 4; lastKnownFileType = file.storyboard; path = MFAModal.storyboard; sourceTree = "<group>"; };
		D87C0471237622E90000CBE7 /* MFAModalViewController.swift */ = {isa = PBXFileReference; fileEncoding = 4; lastKnownFileType = sourcecode.swift; path = MFAModalViewController.swift; sourceTree = "<group>"; };
		D89BEC5118CB85C8961803DF /* Pods-AWSMobileClientMFA.debug.xcconfig */ = {isa = PBXFileReference; includeInIndex = 1; lastKnownFileType = text.xcconfig; name = "Pods-AWSMobileClientMFA.debug.xcconfig"; path = "Target Support Files/Pods-AWSMobileClientMFA/Pods-AWSMobileClientMFA.debug.xcconfig"; sourceTree = "<group>"; };
		D8D922B42375A2B000965045 /* awsconfiguration.json */ = {isa = PBXFileReference; fileEncoding = 4; lastKnownFileType = text.json; path = awsconfiguration.json; sourceTree = "<group>"; };
		D8D922B82375B75E00965045 /* Login.storyboard */ = {isa = PBXFileReference; lastKnownFileType = file.storyboard; path = Login.storyboard; sourceTree = "<group>"; };
		D8D922BA2375B7B000965045 /* LoginViewController.swift */ = {isa = PBXFileReference; lastKnownFileType = sourcecode.swift; path = LoginViewController.swift; sourceTree = "<group>"; };
		E6483C6FEDB1C4BD5CEAE0EE /* Pods_AWSMobileClientMFA.framework */ = {isa = PBXFileReference; explicitFileType = wrapper.framework; includeInIndex = 0; path = Pods_AWSMobileClientMFA.framework; sourceTree = BUILT_PRODUCTS_DIR; };
/* End PBXFileReference section */

/* Begin PBXFrameworksBuildPhase section */
		D81EC6AB23759A51009455F4 /* Frameworks */ = {
			isa = PBXFrameworksBuildPhase;
			buildActionMask = 2147483647;
			files = (
				7E1926F9A1C3F7D161344B0D /* Pods_AWSMobileClientMFA.framework in Frameworks */,
			);
			runOnlyForDeploymentPostprocessing = 0;
		};
/* End PBXFrameworksBuildPhase section */

/* Begin PBXGroup section */
		6E6AFD32CD82057B20712F3E /* Pods */ = {
			isa = PBXGroup;
			children = (
				D89BEC5118CB85C8961803DF /* Pods-AWSMobileClientMFA.debug.xcconfig */,
				25AA931D9D64B8F0FD1215CF /* Pods-AWSMobileClientMFA.release.xcconfig */,
			);
			path = Pods;
			sourceTree = "<group>";
		};
		C5DCB8CF3FD6291383B861FA /* Frameworks */ = {
			isa = PBXGroup;
			children = (
				E6483C6FEDB1C4BD5CEAE0EE /* Pods_AWSMobileClientMFA.framework */,
			);
			name = Frameworks;
			sourceTree = "<group>";
		};
		D81EC6A523759A51009455F4 = {
			isa = PBXGroup;
			children = (
				D81EC6B023759A52009455F4 /* AWSMobileClientMFA */,
				D81EC6AF23759A52009455F4 /* Products */,
				6E6AFD32CD82057B20712F3E /* Pods */,
				C5DCB8CF3FD6291383B861FA /* Frameworks */,
			);
			sourceTree = "<group>";
		};
		D81EC6AF23759A52009455F4 /* Products */ = {
			isa = PBXGroup;
			children = (
				D81EC6AE23759A52009455F4 /* AWSMobileClientMFA.app */,
			);
			name = Products;
			sourceTree = "<group>";
		};
		D81EC6B023759A52009455F4 /* AWSMobileClientMFA */ = {
			isa = PBXGroup;
			children = (
				D8D922B42375A2B000965045 /* awsconfiguration.json */,
				D81EC6B123759A52009455F4 /* AppDelegate.swift */,
				D81EC6B323759A52009455F4 /* SceneDelegate.swift */,
				D81EC6B523759A52009455F4 /* MainViewController.swift */,
				D81EC6B723759A52009455F4 /* Main.storyboard */,
				D81EC6BA23759A54009455F4 /* Assets.xcassets */,
				D81EC6BC23759A54009455F4 /* LaunchScreen.storyboard */,
				D81EC6BF23759A54009455F4 /* Info.plist */,
				D8D922B82375B75E00965045 /* Login.storyboard */,
				D8D922BA2375B7B000965045 /* LoginViewController.swift */,
				D87C0470237622E90000CBE7 /* MFAModal.storyboard */,
				D87C0471237622E90000CBE7 /* MFAModalViewController.swift */,
			);
			path = AWSMobileClientMFA;
			sourceTree = "<group>";
		};
/* End PBXGroup section */

/* Begin PBXNativeTarget section */
		D81EC6AD23759A51009455F4 /* AWSMobileClientMFA */ = {
			isa = PBXNativeTarget;
			buildConfigurationList = D81EC6C223759A54009455F4 /* Build configuration list for PBXNativeTarget "AWSMobileClientMFA" */;
			buildPhases = (
				0AF28DEBD084F104C2A50487 /* [CP] Check Pods Manifest.lock */,
				D81EC6AA23759A51009455F4 /* Sources */,
				D81EC6AB23759A51009455F4 /* Frameworks */,
				D81EC6AC23759A51009455F4 /* Resources */,
				D3C5673BE483E87732F0020A /* [CP] Embed Pods Frameworks */,
			);
			buildRules = (
			);
			dependencies = (
			);
			name = AWSMobileClientMFA;
			productName = AWSMobileClientMFA;
			productReference = D81EC6AE23759A52009455F4 /* AWSMobileClientMFA.app */;
			productType = "com.apple.product-type.application";
		};
/* End PBXNativeTarget section */

/* Begin PBXProject section */
		D81EC6A623759A51009455F4 /* Project object */ = {
			isa = PBXProject;
			attributes = {
				LastSwiftUpdateCheck = 1110;
				LastUpgradeCheck = 1110;
				ORGANIZATIONNAME = "Perry Hoekstra";
				TargetAttributes = {
					D81EC6AD23759A51009455F4 = {
						CreatedOnToolsVersion = 11.1;
					};
				};
			};
			buildConfigurationList = D81EC6A923759A51009455F4 /* Build configuration list for PBXProject "AWSMobileClientMFA" */;
			compatibilityVersion = "Xcode 9.3";
			developmentRegion = en;
			hasScannedForEncodings = 0;
			knownRegions = (
				en,
				Base,
			);
			mainGroup = D81EC6A523759A51009455F4;
			productRefGroup = D81EC6AF23759A52009455F4 /* Products */;
			projectDirPath = "";
			projectRoot = "";
			targets = (
				D81EC6AD23759A51009455F4 /* AWSMobileClientMFA */,
			);
		};
/* End PBXProject section */

/* Begin PBXResourcesBuildPhase section */
		D81EC6AC23759A51009455F4 /* Resources */ = {
			isa = PBXResourcesBuildPhase;
			buildActionMask = 2147483647;
			files = (
				D8D922B52375A2B000965045 /* awsconfiguration.json in Resources */,
				D87C0472237622E90000CBE7 /* MFAModal.storyboard in Resources */,
				D81EC6BE23759A54009455F4 /* LaunchScreen.storyboard in Resources */,
				D81EC6BB23759A54009455F4 /* Assets.xcassets in Resources */,
				D8D922B92375B75E00965045 /* Login.storyboard in Resources */,
				D81EC6B923759A52009455F4 /* Main.storyboard in Resources */,
			);
			runOnlyForDeploymentPostprocessing = 0;
		};
/* End PBXResourcesBuildPhase section */

/* Begin PBXShellScriptBuildPhase section */
		0AF28DEBD084F104C2A50487 /* [CP] Check Pods Manifest.lock */ = {
			isa = PBXShellScriptBuildPhase;
			buildActionMask = 2147483647;
			files = (
			);
			inputFileListPaths = (
			);
			inputPaths = (
				"${PODS_PODFILE_DIR_PATH}/Podfile.lock",
				"${PODS_ROOT}/Manifest.lock",
			);
			name = "[CP] Check Pods Manifest.lock";
			outputFileListPaths = (
			);
			outputPaths = (
				"$(DERIVED_FILE_DIR)/Pods-AWSMobileClientMFA-checkManifestLockResult.txt",
			);
			runOnlyForDeploymentPostprocessing = 0;
			shellPath = /bin/sh;
			shellScript = "diff \"${PODS_PODFILE_DIR_PATH}/Podfile.lock\" \"${PODS_ROOT}/Manifest.lock\" > /dev/null\nif [ $? != 0 ] ; then\n    # print error to STDERR\n    echo \"error: The sandbox is not in sync with the Podfile.lock. Run 'pod install' or update your CocoaPods installation.\" >&2\n    exit 1\nfi\n# This output is used by Xcode 'outputs' to avoid re-running this script phase.\necho \"SUCCESS\" > \"${SCRIPT_OUTPUT_FILE_0}\"\n";
			showEnvVarsInLog = 0;
		};
		D3C5673BE483E87732F0020A /* [CP] Embed Pods Frameworks */ = {
			isa = PBXShellScriptBuildPhase;
			buildActionMask = 2147483647;
			files = (
			);
			inputFileListPaths = (
				"${PODS_ROOT}/Target Support Files/Pods-AWSMobileClientMFA/Pods-AWSMobileClientMFA-frameworks-${CONFIGURATION}-input-files.xcfilelist",
			);
			name = "[CP] Embed Pods Frameworks";
			outputFileListPaths = (
				"${PODS_ROOT}/Target Support Files/Pods-AWSMobileClientMFA/Pods-AWSMobileClientMFA-frameworks-${CONFIGURATION}-output-files.xcfilelist",
			);
			runOnlyForDeploymentPostprocessing = 0;
			shellPath = /bin/sh;
			shellScript = "\"${PODS_ROOT}/Target Support Files/Pods-AWSMobileClientMFA/Pods-AWSMobileClientMFA-frameworks.sh\"\n";
			showEnvVarsInLog = 0;
		};
/* End PBXShellScriptBuildPhase section */

/* Begin PBXSourcesBuildPhase section */
		D81EC6AA23759A51009455F4 /* Sources */ = {
			isa = PBXSourcesBuildPhase;
			buildActionMask = 2147483647;
			files = (
				D8D922BB2375B7B000965045 /* LoginViewController.swift in Sources */,
				D87C0473237622E90000CBE7 /* MFAModalViewController.swift in Sources */,
				D81EC6B623759A52009455F4 /* MainViewController.swift in Sources */,
				D81EC6B223759A52009455F4 /* AppDelegate.swift in Sources */,
				D81EC6B423759A52009455F4 /* SceneDelegate.swift in Sources */,
			);
			runOnlyForDeploymentPostprocessing = 0;
		};
/* End PBXSourcesBuildPhase section */

/* Begin PBXVariantGroup section */
		D81EC6B723759A52009455F4 /* Main.storyboard */ = {
			isa = PBXVariantGroup;
			children = (
				D81EC6B823759A52009455F4 /* Base */,
			);
			name = Main.storyboard;
			sourceTree = "<group>";
		};
		D81EC6BC23759A54009455F4 /* LaunchScreen.storyboard */ = {
			isa = PBXVariantGroup;
			children = (
				D81EC6BD23759A54009455F4 /* Base */,
			);
			name = LaunchScreen.storyboard;
			sourceTree = "<group>";
		};
/* End PBXVariantGroup section */

/* Begin XCBuildConfiguration section */
		D81EC6C023759A54009455F4 /* Debug */ = {
			isa = XCBuildConfiguration;
			buildSettings = {
				ALWAYS_SEARCH_USER_PATHS = NO;
				CLANG_ANALYZER_NONNULL = YES;
				CLANG_ANALYZER_NUMBER_OBJECT_CONVERSION = YES_AGGRESSIVE;
				CLANG_CXX_LANGUAGE_STANDARD = "gnu++14";
				CLANG_CXX_LIBRARY = "libc++";
				CLANG_ENABLE_MODULES = YES;
				CLANG_ENABLE_OBJC_ARC = YES;
				CLANG_ENABLE_OBJC_WEAK = YES;
				CLANG_WARN_BLOCK_CAPTURE_AUTORELEASING = YES;
				CLANG_WARN_BOOL_CONVERSION = YES;
				CLANG_WARN_COMMA = YES;
				CLANG_WARN_CONSTANT_CONVERSION = YES;
				CLANG_WARN_DEPRECATED_OBJC_IMPLEMENTATIONS = YES;
				CLANG_WARN_DIRECT_OBJC_ISA_USAGE = YES_ERROR;
				CLANG_WARN_DOCUMENTATION_COMMENTS = YES;
				CLANG_WARN_EMPTY_BODY = YES;
				CLANG_WARN_ENUM_CONVERSION = YES;
				CLANG_WARN_INFINITE_RECURSION = YES;
				CLANG_WARN_INT_CONVERSION = YES;
				CLANG_WARN_NON_LITERAL_NULL_CONVERSION = YES;
				CLANG_WARN_OBJC_IMPLICIT_RETAIN_SELF = YES;
				CLANG_WARN_OBJC_LITERAL_CONVERSION = YES;
				CLANG_WARN_OBJC_ROOT_CLASS = YES_ERROR;
				CLANG_WARN_RANGE_LOOP_ANALYSIS = YES;
				CLANG_WARN_STRICT_PROTOTYPES = YES;
				CLANG_WARN_SUSPICIOUS_MOVE = YES;
				CLANG_WARN_UNGUARDED_AVAILABILITY = YES_AGGRESSIVE;
				CLANG_WARN_UNREACHABLE_CODE = YES;
				CLANG_WARN__DUPLICATE_METHOD_MATCH = YES;
				COPY_PHASE_STRIP = NO;
				DEBUG_INFORMATION_FORMAT = dwarf;
				ENABLE_STRICT_OBJC_MSGSEND = YES;
				ENABLE_TESTABILITY = YES;
				GCC_C_LANGUAGE_STANDARD = gnu11;
				GCC_DYNAMIC_NO_PIC = NO;
				GCC_NO_COMMON_BLOCKS = YES;
				GCC_OPTIMIZATION_LEVEL = 0;
				GCC_PREPROCESSOR_DEFINITIONS = (
					"DEBUG=1",
					"$(inherited)",
				);
				GCC_WARN_64_TO_32_BIT_CONVERSION = YES;
				GCC_WARN_ABOUT_RETURN_TYPE = YES_ERROR;
				GCC_WARN_UNDECLARED_SELECTOR = YES;
				GCC_WARN_UNINITIALIZED_AUTOS = YES_AGGRESSIVE;
				GCC_WARN_UNUSED_FUNCTION = YES;
				GCC_WARN_UNUSED_VARIABLE = YES;
				IPHONEOS_DEPLOYMENT_TARGET = 13.1;
				MTL_ENABLE_DEBUG_INFO = INCLUDE_SOURCE;
				MTL_FAST_MATH = YES;
				ONLY_ACTIVE_ARCH = YES;
				SDKROOT = iphoneos;
				SWIFT_ACTIVE_COMPILATION_CONDITIONS = DEBUG;
				SWIFT_OPTIMIZATION_LEVEL = "-Onone";
			};
			name = Debug;
		};
		D81EC6C123759A54009455F4 /* Release */ = {
			isa = XCBuildConfiguration;
			buildSettings = {
				ALWAYS_SEARCH_USER_PATHS = NO;
				CLANG_ANALYZER_NONNULL = YES;
				CLANG_ANALYZER_NUMBER_OBJECT_CONVERSION = YES_AGGRESSIVE;
				CLANG_CXX_LANGUAGE_STANDARD = "gnu++14";
				CLANG_CXX_LIBRARY = "libc++";
				CLANG_ENABLE_MODULES = YES;
				CLANG_ENABLE_OBJC_ARC = YES;
				CLANG_ENABLE_OBJC_WEAK = YES;
				CLANG_WARN_BLOCK_CAPTURE_AUTORELEASING = YES;
				CLANG_WARN_BOOL_CONVERSION = YES;
				CLANG_WARN_COMMA = YES;
				CLANG_WARN_CONSTANT_CONVERSION = YES;
				CLANG_WARN_DEPRECATED_OBJC_IMPLEMENTATIONS = YES;
				CLANG_WARN_DIRECT_OBJC_ISA_USAGE = YES_ERROR;
				CLANG_WARN_DOCUMENTATION_COMMENTS = YES;
				CLANG_WARN_EMPTY_BODY = YES;
				CLANG_WARN_ENUM_CONVERSION = YES;
				CLANG_WARN_INFINITE_RECURSION = YES;
				CLANG_WARN_INT_CONVERSION = YES;
				CLANG_WARN_NON_LITERAL_NULL_CONVERSION = YES;
				CLANG_WARN_OBJC_IMPLICIT_RETAIN_SELF = YES;
				CLANG_WARN_OBJC_LITERAL_CONVERSION = YES;
				CLANG_WARN_OBJC_ROOT_CLASS = YES_ERROR;
				CLANG_WARN_RANGE_LOOP_ANALYSIS = YES;
				CLANG_WARN_STRICT_PROTOTYPES = YES;
				CLANG_WARN_SUSPICIOUS_MOVE = YES;
				CLANG_WARN_UNGUARDED_AVAILABILITY = YES_AGGRESSIVE;
				CLANG_WARN_UNREACHABLE_CODE = YES;
				CLANG_WARN__DUPLICATE_METHOD_MATCH = YES;
				COPY_PHASE_STRIP = NO;
				DEBUG_INFORMATION_FORMAT = "dwarf-with-dsym";
				ENABLE_NS_ASSERTIONS = NO;
				ENABLE_STRICT_OBJC_MSGSEND = YES;
				GCC_C_LANGUAGE_STANDARD = gnu11;
				GCC_NO_COMMON_BLOCKS = YES;
				GCC_WARN_64_TO_32_BIT_CONVERSION = YES;
				GCC_WARN_ABOUT_RETURN_TYPE = YES_ERROR;
				GCC_WARN_UNDECLARED_SELECTOR = YES;
				GCC_WARN_UNINITIALIZED_AUTOS = YES_AGGRESSIVE;
				GCC_WARN_UNUSED_FUNCTION = YES;
				GCC_WARN_UNUSED_VARIABLE = YES;
				IPHONEOS_DEPLOYMENT_TARGET = 13.1;
				MTL_ENABLE_DEBUG_INFO = NO;
				MTL_FAST_MATH = YES;
				SDKROOT = iphoneos;
				SWIFT_COMPILATION_MODE = wholemodule;
				SWIFT_OPTIMIZATION_LEVEL = "-O";
				VALIDATE_PRODUCT = YES;
			};
			name = Release;
		};
		D81EC6C323759A54009455F4 /* Debug */ = {
			isa = XCBuildConfiguration;
			baseConfigurationReference = D89BEC5118CB85C8961803DF /* Pods-AWSMobileClientMFA.debug.xcconfig */;
			buildSettings = {
				ASSETCATALOG_COMPILER_APPICON_NAME = AppIcon;
				CODE_SIGN_STYLE = Automatic;
				DEVELOPMENT_TEAM = 6ZSJEY6PYW;
				INFOPLIST_FILE = AWSMobileClientMFA/Info.plist;
				LD_RUNPATH_SEARCH_PATHS = (
					"$(inherited)",
					"@executable_path/Frameworks",
				);
				PRODUCT_BUNDLE_IDENTIFIER = com.norsemensolutions.AWSMobileClientMFA;
				PRODUCT_NAME = "$(TARGET_NAME)";
				SWIFT_VERSION = 5.0;
				TARGETED_DEVICE_FAMILY = 1;
			};
			name = Debug;
		};
		D81EC6C423759A54009455F4 /* Release */ = {
			isa = XCBuildConfiguration;
			baseConfigurationReference = 25AA931D9D64B8F0FD1215CF /* Pods-AWSMobileClientMFA.release.xcconfig */;
			buildSettings = {
				ASSETCATALOG_COMPILER_APPICON_NAME = AppIcon;
				CODE_SIGN_STYLE = Automatic;
				DEVELOPMENT_TEAM = 6ZSJEY6PYW;
				INFOPLIST_FILE = AWSMobileClientMFA/Info.plist;
				LD_RUNPATH_SEARCH_PATHS = (
					"$(inherited)",
					"@executable_path/Frameworks",
				);
				PRODUCT_BUNDLE_IDENTIFIER = com.norsemensolutions.AWSMobileClientMFA;
				PRODUCT_NAME = "$(TARGET_NAME)";
				SWIFT_VERSION = 5.0;
				TARGETED_DEVICE_FAMILY = 1;
			};
			name = Release;
		};
/* End XCBuildConfiguration section */

/* Begin XCConfigurationList section */
		D81EC6A923759A51009455F4 /* Build configuration list for PBXProject "AWSMobileClientMFA" */ = {
			isa = XCConfigurationList;
			buildConfigurations = (
				D81EC6C023759A54009455F4 /* Debug */,
				D81EC6C123759A54009455F4 /* Release */,
			);
			defaultConfigurationIsVisible = 0;
			defaultConfigurationName = Release;
		};
		D81EC6C223759A54009455F4 /* Build configuration list for PBXNativeTarget "AWSMobileClientMFA" */ = {
			isa = XCConfigurationList;
			buildConfigurations = (
				D81EC6C323759A54009455F4 /* Debug */,
				D81EC6C423759A54009455F4 /* Release */,
			);
			defaultConfigurationIsVisible = 0;
			defaultConfigurationName = Release;
		};
/* End XCConfigurationList section */
	};
	rootObject = D81EC6A623759A51009455F4 /* Project object */;
}
